
Microsoft Visual Studio Solution File, Format Version 12.00
# Visual Studio Version 17
VisualStudioVersion = 17.11.35431.28
MinimumVisualStudioVersion = 10.0.40219.1
Project("{2150E333-8FDC-42A3-9474-1A3956D46DE8}") = "Projects", "Projects", "{2CF8E5AD-4D14-46F3-89CD-99D9FA82EF4A}"
EndProject
Project("{2150E333-8FDC-42A3-9474-1A3956D46DE8}") = "Tests", "Tests", "{60BA04F6-374A-45F0-805B-D6D41FE13893}"
EndProject
Project("{9A19103F-16F7-4668-BE54-9A1E7A4F7556}") = "Assert.Kind.Message.Condition", "Assert.Kind.Message.Condition\Assert.Kind.Message.Condition.csproj", "{99320EDD-128D-4322-B1DC-567C300AA6C5}"
EndProject
Project("{9A19103F-16F7-4668-BE54-9A1E7A4F7556}") = "Assert.Kind.Message.Condition.Tests", "Assert.Kind.Message.Condition.Tests\Assert.Kind.Message.Condition.Tests.csproj", "{0F4831EB-CDF3-43D4-A594-A554A06BF4FB}"
EndProject
Project("{9A19103F-16F7-4668-BE54-9A1E7A4F7556}") = "Option.Pro", "Option.Pro\Option.Pro.csproj", "{26F330DB-78A8-455A-B38D-748A2F97DDA6}"
EndProject
Project("{9A19103F-16F7-4668-BE54-9A1E7A4F7556}") = "Option.Pro.Tests", "Option.Pro.Tests\Option.Pro.Tests.csproj", "{88FF3CAB-A96A-4021-81E3-B26E118CDBB2}"
EndProject
Project("{9A19103F-16F7-4668-BE54-9A1E7A4F7556}") = "FluentSyntax.Pro", "FluentSyntax.Pro\FluentSyntax.Pro.csproj", "{EA9BC73D-C66B-499B-9839-5420DBB1F370}"
EndProject
Project("{9A19103F-16F7-4668-BE54-9A1E7A4F7556}") = "Valuable.Pro", "Valuable.Pro\Valuable.Pro.csproj", "{D3AAA8CD-F5CE-456B-B636-5AA9394CB481}"
EndProject
Project("{9A19103F-16F7-4668-BE54-9A1E7A4F7556}") = "Enumerable.Pro", "Enumerable.Pro\Enumerable.Pro.csproj", "{EAB970BD-9719-4402-BBBF-772FA3C0C70F}"
EndProject
Project("{9A19103F-16F7-4668-BE54-9A1E7A4F7556}") = "Enumerable.Pro.Tests", "Enumerable.Pro.Tests\Enumerable.Pro.Tests.csproj", "{654DDD82-B6A2-412C-9BC5-7C789DBB78B3}"
EndProject
Project("{9A19103F-16F7-4668-BE54-9A1E7A4F7556}") = "Linq.Next", "Linq.Next\Linq.Next.csproj", "{F69F714A-0F87-456B-8C1A-0A139249F6C5}"
EndProject
Project("{9A19103F-16F7-4668-BE54-9A1E7A4F7556}") = "Linq.Next.Tests", "Linq.Next.Tests\Linq.Next.Tests.csproj", "{41DE906F-6281-4A62-A530-C42419861660}"
EndProject
Project("{2150E333-8FDC-42A3-9474-1A3956D46DE8}") = "Basic", "Basic", "{E35F586D-71EA-439B-9E12-436ACE431926}"
EndProject
Project("{2150E333-8FDC-42A3-9474-1A3956D46DE8}") = "Basic", "Basic", "{31780ABA-240D-4595-8F27-4CCF84C38761}"
EndProject
Global
	GlobalSection(SolutionConfigurationPlatforms) = preSolution
		Debug|Any CPU = Debug|Any CPU
		Release|Any CPU = Release|Any CPU
	EndGlobalSection
	GlobalSection(ProjectConfigurationPlatforms) = postSolution
		{99320EDD-128D-4322-B1DC-567C300AA6C5}.Debug|Any CPU.ActiveCfg = Debug|Any CPU
		{99320EDD-128D-4322-B1DC-567C300AA6C5}.Debug|Any CPU.Build.0 = Debug|Any CPU
		{99320EDD-128D-4322-B1DC-567C300AA6C5}.Release|Any CPU.ActiveCfg = Release|Any CPU
		{99320EDD-128D-4322-B1DC-567C300AA6C5}.Release|Any CPU.Build.0 = Release|Any CPU
		{0F4831EB-CDF3-43D4-A594-A554A06BF4FB}.Debug|Any CPU.ActiveCfg = Debug|Any CPU
		{0F4831EB-CDF3-43D4-A594-A554A06BF4FB}.Debug|Any CPU.Build.0 = Debug|Any CPU
		{0F4831EB-CDF3-43D4-A594-A554A06BF4FB}.Release|Any CPU.ActiveCfg = Release|Any CPU
		{0F4831EB-CDF3-43D4-A594-A554A06BF4FB}.Release|Any CPU.Build.0 = Release|Any CPU
		{26F330DB-78A8-455A-B38D-748A2F97DDA6}.Debug|Any CPU.ActiveCfg = Debug|Any CPU
		{26F330DB-78A8-455A-B38D-748A2F97DDA6}.Debug|Any CPU.Build.0 = Debug|Any CPU
		{26F330DB-78A8-455A-B38D-748A2F97DDA6}.Release|Any CPU.ActiveCfg = Release|Any CPU
		{26F330DB-78A8-455A-B38D-748A2F97DDA6}.Release|Any CPU.Build.0 = Release|Any CPU
		{88FF3CAB-A96A-4021-81E3-B26E118CDBB2}.Debug|Any CPU.ActiveCfg = Debug|Any CPU
		{88FF3CAB-A96A-4021-81E3-B26E118CDBB2}.Debug|Any CPU.Build.0 = Debug|Any CPU
		{88FF3CAB-A96A-4021-81E3-B26E118CDBB2}.Release|Any CPU.ActiveCfg = Release|Any CPU
		{88FF3CAB-A96A-4021-81E3-B26E118CDBB2}.Release|Any CPU.Build.0 = Release|Any CPU
		{EA9BC73D-C66B-499B-9839-5420DBB1F370}.Debug|Any CPU.ActiveCfg = Debug|Any CPU
		{EA9BC73D-C66B-499B-9839-5420DBB1F370}.Debug|Any CPU.Build.0 = Debug|Any CPU
		{EA9BC73D-C66B-499B-9839-5420DBB1F370}.Release|Any CPU.ActiveCfg = Release|Any CPU
		{EA9BC73D-C66B-499B-9839-5420DBB1F370}.Release|Any CPU.Build.0 = Release|Any CPU
		{D3AAA8CD-F5CE-456B-B636-5AA9394CB481}.Debug|Any CPU.ActiveCfg = Debug|Any CPU
		{D3AAA8CD-F5CE-456B-B636-5AA9394CB481}.Debug|Any CPU.Build.0 = Debug|Any CPU
		{D3AAA8CD-F5CE-456B-B636-5AA9394CB481}.Release|Any CPU.ActiveCfg = Release|Any CPU
		{D3AAA8CD-F5CE-456B-B636-5AA9394CB481}.Release|Any CPU.Build.0 = Release|Any CPU
		{EAB970BD-9719-4402-BBBF-772FA3C0C70F}.Debug|Any CPU.ActiveCfg = Debug|Any CPU
		{EAB970BD-9719-4402-BBBF-772FA3C0C70F}.Debug|Any CPU.Build.0 = Debug|Any CPU
		{EAB970BD-9719-4402-BBBF-772FA3C0C70F}.Release|Any CPU.ActiveCfg = Release|Any CPU
		{EAB970BD-9719-4402-BBBF-772FA3C0C70F}.Release|Any CPU.Build.0 = Release|Any CPU
		{654DDD82-B6A2-412C-9BC5-7C789DBB78B3}.Debug|Any CPU.ActiveCfg = Debug|Any CPU
		{654DDD82-B6A2-412C-9BC5-7C789DBB78B3}.Debug|Any CPU.Build.0 = Debug|Any CPU
		{654DDD82-B6A2-412C-9BC5-7C789DBB78B3}.Release|Any CPU.ActiveCfg = Release|Any CPU
		{654DDD82-B6A2-412C-9BC5-7C789DBB78B3}.Release|Any CPU.Build.0 = Release|Any CPU
		{F69F714A-0F87-456B-8C1A-0A139249F6C5}.Debug|Any CPU.ActiveCfg = Debug|Any CPU
		{F69F714A-0F87-456B-8C1A-0A139249F6C5}.Debug|Any CPU.Build.0 = Debug|Any CPU
		{F69F714A-0F87-456B-8C1A-0A139249F6C5}.Release|Any CPU.ActiveCfg = Release|Any CPU
		{F69F714A-0F87-456B-8C1A-0A139249F6C5}.Release|Any CPU.Build.0 = Release|Any CPU
		{41DE906F-6281-4A62-A530-C42419861660}.Debug|Any CPU.ActiveCfg = Debug|Any CPU
		{41DE906F-6281-4A62-A530-C42419861660}.Debug|Any CPU.Build.0 = Debug|Any CPU
		{41DE906F-6281-4A62-A530-C42419861660}.Release|Any CPU.ActiveCfg = Release|Any CPU
		{41DE906F-6281-4A62-A530-C42419861660}.Release|Any CPU.Build.0 = Release|Any CPU
	EndGlobalSection
	GlobalSection(SolutionProperties) = preSolution
		HideSolutionNode = FALSE
	EndGlobalSection
	GlobalSection(NestedProjects) = preSolution
		{99320EDD-128D-4322-B1DC-567C300AA6C5} = {E35F586D-71EA-439B-9E12-436ACE431926}
		{0F4831EB-CDF3-43D4-A594-A554A06BF4FB} = {31780ABA-240D-4595-8F27-4CCF84C38761}
		{26F330DB-78A8-455A-B38D-748A2F97DDA6} = {E35F586D-71EA-439B-9E12-436ACE431926}
		{88FF3CAB-A96A-4021-81E3-B26E118CDBB2} = {31780ABA-240D-4595-8F27-4CCF84C38761}
		{EA9BC73D-C66B-499B-9839-5420DBB1F370} = {E35F586D-71EA-439B-9E12-436ACE431926}
		{D3AAA8CD-F5CE-456B-B636-5AA9394CB481} = {2CF8E5AD-4D14-46F3-89CD-99D9FA82EF4A}
		{EAB970BD-9719-4402-BBBF-772FA3C0C70F} = {2CF8E5AD-4D14-46F3-89CD-99D9FA82EF4A}
		{654DDD82-B6A2-412C-9BC5-7C789DBB78B3} = {60BA04F6-374A-45F0-805B-D6D41FE13893}
		{F69F714A-0F87-456B-8C1A-0A139249F6C5} = {2CF8E5AD-4D14-46F3-89CD-99D9FA82EF4A}
		{41DE906F-6281-4A62-A530-C42419861660} = {60BA04F6-374A-45F0-805B-D6D41FE13893}
		{E35F586D-71EA-439B-9E12-436ACE431926} = {2CF8E5AD-4D14-46F3-89CD-99D9FA82EF4A}
		{31780ABA-240D-4595-8F27-4CCF84C38761} = {60BA04F6-374A-45F0-805B-D6D41FE13893}
	EndGlobalSection
	GlobalSection(ExtensibilityGlobals) = postSolution
		SolutionGuid = {A2FCFF64-541E-4820-8D87-3CF8E8AFBDF1}
	EndGlobalSection
EndGlobal
