
Microsoft Visual Studio Solution File, Format Version 12.00
# Visual Studio Version 17
VisualStudioVersion = 17.11.35431.28
MinimumVisualStudioVersion = 10.0.40219.1
Project("{FAE04EC0-301F-11D3-BF4B-00C04F79EFBC}") = "Net.Extensions.Pro", "Net.Extensions.Pro\Net.Extensions.Pro.csproj", "{EA9BC73D-C66B-499B-9839-5420DBB1F370}"
EndProject
Global
	GlobalSection(SolutionConfigurationPlatforms) = preSolution
		Debug|Any CPU = Debug|Any CPU
		Release|Any CPU = Release|Any CPU
	EndGlobalSection
	GlobalSection(ProjectConfigurationPlatforms) = postSolution
		{EA9BC73D-C66B-499B-9839-5420DBB1F370}.Debug|Any CPU.ActiveCfg = Debug|Any CPU
		{EA9BC73D-C66B-499B-9839-5420DBB1F370}.Debug|Any CPU.Build.0 = Debug|Any CPU
		{EA9BC73D-C66B-499B-9839-5420DBB1F370}.Release|Any CPU.ActiveCfg = Release|Any CPU
		{EA9BC73D-C66B-499B-9839-5420DBB1F370}.Release|Any CPU.Build.0 = Release|Any CPU
	EndGlobalSection
	GlobalSection(SolutionProperties) = preSolution
		HideSolutionNode = FALSE
	EndGlobalSection
	GlobalSection(ExtensibilityGlobals) = postSolution
		SolutionGuid = {A2FCFF64-541E-4820-8D87-3CF8E8AFBDF1}
	EndGlobalSection
EndGlobal
